# This file is autogenerated, do not edit; changes may be undone by the next 'dep ensure'.


[[projects]]
  name = "github.com/docker/libkv"
  packages = ["store"]
  revision = "aabc039ad04deb721e234f99cd1b4aa28ac71a40"
  version = "v0.2.1"

[solve-meta]
  analyzer-name = "dep"
  analyzer-version = 1
  inputs-digest = "07f545ca8c4a4818e4bd20d5beb68727a3c4f62c94aaecc6b3d9ca8dcdd8a1f3"
  solver-name = "gps-cdcl"
  solver-version = 1
